{
  "originHash" : "a842d6f72a29cfa8f8da1da6b19accc472c19edc99622a434bb0908a15a191a6",
  "pins" : [
    {
      "identity" : "appauth-ios",
      "kind" : "remoteSourceControl",
      "location" : "https://github.com/openid/AppAuth-iOS.git",
      "state" : {
        "revision" : "145104f5ea9d58ae21b60add007c33c1cc0c948e",
        "version" : "2.0.0"
      }
    },
    {
      "identity" : "elegant-emoji-picker",
      "kind" : "remoteSourceControl",
      "location" : "https://github.com/Finalet/Elegant-Emoji-Picker",
      "state" : {
        "revision" : "598ff0a72198375d7317b61982fa8648d0ba3a44"
      }
    },
    {
      "identity" : "linphone-sdk-swift-ios",
      "kind" : "remoteSourceControl",
      "location" : "https://gitlab.linphone.org/BC/public/linphone-sdk-swift-ios.git",
      "state" : {
        "branch" : "alpha",
        "revision" : "a280d1dc67a2ffd1baceff28186e316b81f187fc"
      }
    }
  ],
  "version" : 3
}
